{
  "schema": 8,
  "config": "953c5885d9bac313f649a27c1e8cdf3ec83a86b1c743b74f79a631668eebe03b",
  "source": "379cda110567d034df35f6fd9785deb07aae89269fdbc2720744c05b449c63c8",
  "exporter": "34fa3a5aa0cb21a5c62e2411fb5e923bbc3e44a71b1c72264296f7f4a8589874",
  "artifact": "bb6a67cd90f57aa3522550cbdac8aaa7b3f919d6f325c8c80df9a7a48a7b2cc9",
  "identity": "3b0b6a81feeb0f3479e3d8e1d99fc649fbe355422481ec715cc5b9b81d0c000b",
  "charon_driver": "f1a5b3aa7c2bf75684a9ecab5f1d02795caac95d27798f9e208742a026b01a7d"
}