{
  "schema": 8,
  "config": "953c5885d9bac313f649a27c1e8cdf3ec83a86b1c743b74f79a631668eebe03b",
  "source": "379cda110567d034df35f6fd9785deb07aae89269fdbc2720744c05b449c63c8",
  "exporter": "34fa3a5aa0cb21a5c62e2411fb5e923bbc3e44a71b1c72264296f7f4a8589874",
  "artifact": "dfa922061e927672a75034facfcf123a9d5787a72662a7c1a81c323a308adb92",
  "identity": "221ddb59b63b165c100de7a266fd880bf16316c4052585ccc580da5562bd1959",
  "charon_driver": "f1a5b3aa7c2bf75684a9ecab5f1d02795caac95d27798f9e208742a026b01a7d"
}