{
  "schema": 8,
  "config": "20a15fdda87146239d4b8e61bcd9ada361957983a5d45aff0c5c83364d490380",
  "source": "3dd037699182a7d3e1701cdb16424ca55cccca61e44b1e873b1dc286890771bd",
  "exporter": "34fa3a5aa0cb21a5c62e2411fb5e923bbc3e44a71b1c72264296f7f4a8589874",
  "artifact": "c83289afc64d2fe6d124862966c71f4ccfc1598154c4e15c151b346d7777dbf2",
  "identity": "3d18d4f6001bacb2f66caf73a65c8dcfae9d787c07d623026c0d658525a0ffb3",
  "charon_driver": "f1a5b3aa7c2bf75684a9ecab5f1d02795caac95d27798f9e208742a026b01a7d"
}