{
  "schema": 8,
  "config": "40d8e584033ec25e6004c3452a1c7b69579d437576adbbab7d4454b8c964ec61",
  "source": "9e960896486927e2bd036718f7c9c17b4a7a7c120a97598b91478b4d43145c95",
  "exporter": "34fa3a5aa0cb21a5c62e2411fb5e923bbc3e44a71b1c72264296f7f4a8589874",
  "artifact": "ae4a470d82b30db78c1ae9d935058b9e0298a0a7ad91f309f350c5ec1ffc86a4",
  "identity": "e1f6da3081086d6e0962145229de58a7283dc8c39a06d49119e5e08c115b3ce0",
  "charon_driver": "f1a5b3aa7c2bf75684a9ecab5f1d02795caac95d27798f9e208742a026b01a7d"
}