{
  "schema": 8,
  "config": "a9677bee470cbae2e545d1a0e958e66ddf51956467bfbdd7a9f317ecdfa75aa9",
  "source": "7ed9504d507db0174e63581a0ce1177297ffed41e7b485bdec75f8741eb9972d",
  "exporter": "34fa3a5aa0cb21a5c62e2411fb5e923bbc3e44a71b1c72264296f7f4a8589874",
  "artifact": "752ae91bcfcf1514e5d41b7daaae13e2a58e342b4c032f551c6f4e4470a09ef2",
  "identity": "5b2c3e16701b2bedf797efb8c8c82a776943281bb949137f5a74ed224268acba",
  "charon_driver": "f1a5b3aa7c2bf75684a9ecab5f1d02795caac95d27798f9e208742a026b01a7d"
}