{
  "schema": 8,
  "config": "a9677bee470cbae2e545d1a0e958e66ddf51956467bfbdd7a9f317ecdfa75aa9",
  "source": "7ed9504d507db0174e63581a0ce1177297ffed41e7b485bdec75f8741eb9972d",
  "exporter": "34fa3a5aa0cb21a5c62e2411fb5e923bbc3e44a71b1c72264296f7f4a8589874",
  "artifact": "4337b24fc614af3067d2b1114192cb2336fa1dbd9412483145326608b8c7a510",
  "identity": "d9ca350e91ae6c1efd1e8cf41473dfc0b119a9eb3279819c68635924f80cb748",
  "charon_driver": "f1a5b3aa7c2bf75684a9ecab5f1d02795caac95d27798f9e208742a026b01a7d"
}