{
  "schema": 8,
  "config": "fc8456cd25d902fae541c095e4cc4a3c407e6bd21f06651d565e24ad71c0d600",
  "source": "f5e051368029acc288401af298cd0f560dd98792904a3580175e3f6b4eeb2c8f",
  "exporter": "34fa3a5aa0cb21a5c62e2411fb5e923bbc3e44a71b1c72264296f7f4a8589874",
  "artifact": "af83997d4df2f57abc54b895a897524b94d6154d29b1a0eff5e0e698bf3b6260",
  "identity": "cdf10df83aeacb01f37496eeb5a10fda2447f507c55b0c4cb1b221da78514f10",
  "charon_driver": "f1a5b3aa7c2bf75684a9ecab5f1d02795caac95d27798f9e208742a026b01a7d"
}