{
  "schema": 8,
  "config": "efcc037ed78daaa4f9978e8501bf16b2fcb625e4b7de8d73b216d680b69227df",
  "source": "3e5a2854d65d6b28bcfb5c805f8eaa4cf5bb4b78cec427bcacc8cbacf1869a0a",
  "exporter": "34fa3a5aa0cb21a5c62e2411fb5e923bbc3e44a71b1c72264296f7f4a8589874",
  "artifact": "38209f38e698d11870a3f9ca0586a10839c91b9484aca7c08a140da5d7091109",
  "identity": "cf95999cde674a8c1a2f15009cc8467b7b7abdf6aa108bbb225ccd6e46cc3602",
  "charon_driver": "f1a5b3aa7c2bf75684a9ecab5f1d02795caac95d27798f9e208742a026b01a7d"
}