{
  "schema": 8,
  "config": "ae79057c5cb7b7f01e800245a789bc5d57fbbecb672ccc9dee4176dc408e8d47",
  "source": "b9efc92fa672a9b0960330b4fbcad0c7d9d63b457121a716b22fdf2ed7631106",
  "exporter": "34fa3a5aa0cb21a5c62e2411fb5e923bbc3e44a71b1c72264296f7f4a8589874",
  "artifact": "86ce4f939f31983f35a1c68f598377d91f435e9d0c66d5c741e587185c805468",
  "identity": "9d7c76495b60cf6d3aec6b56c8ecab5f5cd3c86c57dc5bbbe581dd0001ee45e3",
  "charon_driver": "f1a5b3aa7c2bf75684a9ecab5f1d02795caac95d27798f9e208742a026b01a7d"
}