{
  "schema": 8,
  "config": "ae79057c5cb7b7f01e800245a789bc5d57fbbecb672ccc9dee4176dc408e8d47",
  "source": "b9efc92fa672a9b0960330b4fbcad0c7d9d63b457121a716b22fdf2ed7631106",
  "exporter": "34fa3a5aa0cb21a5c62e2411fb5e923bbc3e44a71b1c72264296f7f4a8589874",
  "artifact": "91ea26bb21cab79a515d0474d9ed3c15f89f02fd91355c396cf6c87ff447dc27",
  "identity": "0ee85a7a1bd35cfa69b5a93f085968972c8396cdf14d53f6781bdd343446b8bb",
  "charon_driver": "f1a5b3aa7c2bf75684a9ecab5f1d02795caac95d27798f9e208742a026b01a7d"
}