{
  "schema": 8,
  "config": "ae79057c5cb7b7f01e800245a789bc5d57fbbecb672ccc9dee4176dc408e8d47",
  "source": "b9efc92fa672a9b0960330b4fbcad0c7d9d63b457121a716b22fdf2ed7631106",
  "exporter": "34fa3a5aa0cb21a5c62e2411fb5e923bbc3e44a71b1c72264296f7f4a8589874",
  "artifact": "99f0f092416871e58a0929d05d69b22581d2a1c5923ee03be4fd379fffc3f06a",
  "identity": "84aabab0880aad053205517cc20b2163880c29606df7ed8630311d5fa3c66420",
  "charon_driver": "f1a5b3aa7c2bf75684a9ecab5f1d02795caac95d27798f9e208742a026b01a7d"
}